{
  "lockfile-version": 1,
  "manifest": {
    "schema-version": "1.12.0",
    "install": {
      "buf": {
        "pkg-path": "buf",
        "pkg-group": "buf",
        "version": "1.72.0"
      },
      "coreutils": {
        "pkg-path": "coreutils",
        "pkg-group": "repo-tools"
      },
      "gawk": {
        "pkg-path": "gawk",
        "pkg-group": "repo-tools"
      },
      "git": {
        "pkg-path": "git",
        "pkg-group": "repo-tools"
      },
      "gnugrep": {
        "pkg-path": "gnugrep",
        "pkg-group": "repo-tools"
      },
      "gnumake": {
        "pkg-path": "gnumake",
        "pkg-group": "repo-tools"
      },
      "gnused": {
        "pkg-path": "gnused",
        "pkg-group": "repo-tools"
      },
      "go": {
        "pkg-path": "go",
        "version": "1.26.4"
      }
    },
    "vars": {
      "GOENV": "off",
      "GOFLAGS": "-mod=readonly",
      "GOTOOLCHAIN": "go1.26.6+auto"
    },
    "options": {
      "systems": [
        "aarch64-darwin",
        "aarch64-linux",
        "x86_64-linux"
      ]
    }
  },
  "packages": [
    {
      "attr_path": "buf",
      "broken": false,
      "derivation": "/nix/store/2qpy625ix82zws5v076mz7imhm8swqzl-buf-1.72.0.drv",
      "description": "Create consistent Protobuf APIs that preserve compatibility and comply with design best-practices",
      "install_id": "buf",
      "license": "Apache-2.0",
      "locked_url": "https://github.com/flox/nixpkgs?rev=ffb3c9b700e759be2ef13237c9d8f953b32a1e46",
      "name": "buf-1.72.0",
      "pname": "buf",
      "rev": "ffb3c9b700e759be2ef13237c9d8f953b32a1e46",
      "rev_count": 1058091,
      "rev_date": "2026-08-19T10:27:33Z",
      "scrape_date": "2026-08-21T04:55:36.336807Z",
      "stabilities": [
        "unstable"
      ],
      "unfree": false,
      "version": "1.72.0",
      "outputs_to_install": [
        "out"
      ],
      "outputs": {
        "out": "/nix/store/a4n4x8pycrnvgsx2ibhar7w2v5hx8mkc-buf-1.72.0"
      },
      "system": "aarch64-darwin",
      "group": "buf",
      "priority": 5
    },
    {
      "attr_path": "buf",
      "broken": false,
      "derivation": "/nix/store/2z3hgb8b561qfxvqynyvq862j2bv9vlb-buf-1.72.0.drv",
      "description": "Create consistent Protobuf APIs that preserve compatibility and comply with design best-practices",
      "install_id": "buf",
      "license": "Apache-2.0",
      "locked_url": "https://github.com/flox/nixpkgs?rev=ffb3c9b700e759be2ef13237c9d8f953b32a1e46",
      "name": "buf-1.72.0",
      "pname": "buf",
      "rev": "ffb3c9b700e759be2ef13237c9d8f953b32a1e46",
      "rev_count": 1058091,
      "rev_date": "2026-08-19T10:27:33Z",
      "scrape_date": "2026-08-21T05:24:56.873213Z",
      "stabilities": [
        "unstable"
      ],
      "unfree": false,
      "version": "1.72.0",
      "outputs_to_install": [
        "out"
      ],
      "outputs": {
        "out": "/nix/store/8wg03l4hkzdpzykabhxlnzvnn0fk16c0-buf-1.72.0"
      },
      "system": "aarch64-linux",
      "group": "buf",
      "priority": 5
    },
    {
      "attr_path": "buf",
      "broken": false,
      "derivation": "/nix/store/0i7dln2j07aimiv977ixx0hrkk8z3d93-buf-1.72.0.drv",
      "description": "Create consistent Protobuf APIs that preserve compatibility and comply with design best-practices",
      "install_id": "buf",
      "license": "Apache-2.0",
      "locked_url": "https://github.com/flox/nixpkgs?rev=ffb3c9b700e759be2ef13237c9d8f953b32a1e46",
      "name": "buf-1.72.0",
      "pname": "buf",
      "rev": "ffb3c9b700e759be2ef13237c9d8f953b32a1e46",
      "rev_count": 1058091,
      "rev_date": "2026-08-19T10:27:33Z",
      "scrape_date": "2026-08-21T05:57:58.247636Z",
      "stabilities": [
        "unstable"
      ],
      "unfree": false,
      "version": "1.72.0",
      "outputs_to_install": [
        "out"
      ],
      "outputs": {
        "out": "/nix/store/habzcgcqw7b556zmmqa20banyhqp4p2q-buf-1.72.0"
      },
      "system": "x86_64-linux",
      "group": "buf",
      "priority": 5
    },
    {
      "attr_path": "coreutils",
      "broken": false,
      "derivation": "/nix/store/ahsbdy8sgncsbxmlpvcypd0ia5hg5k56-coreutils-9.11.drv",
      "description": "GNU Core Utilities",
      "install_id": "coreutils",
      "license": "GPL-3.0-or-later",
      "locked_url": "https://github.com/flox/nixpkgs?rev=ffb3c9b700e759be2ef13237c9d8f953b32a1e46",
      "name": "coreutils-9.11",
      "pname": "coreutils",
      "rev": "ffb3c9b700e759be2ef13237c9d8f953b32a1e46",
      "rev_count": 1058091,
      "rev_date": "2026-08-19T10:27:33Z",
      "scrape_date": "2026-08-21T04:55:36.638240Z",
      "stabilities": [
        "unstable"
      ],
      "unfree": false,
      "version": "9.11",
      "outputs_to_install": [
        "out",
        "out",
        "out"
      ],
      "outputs": {
        "info": "/nix/store/8pgwq4jvzrcgyz833sc2v1k8z19xbjfl-coreutils-9.11-info",
        "out": "/nix/store/0y55d4qc8fmdhmn3c890m0zbaksprycj-coreutils-9.11"
      },
      "system": "aarch64-darwin",
      "group": "repo-tools",
      "priority": 5
    },
    {
      "attr_path": "coreutils",
      "broken": false,
      "derivation": "/nix/store/zywpcpzi0b2d4av1h0lg7x8nnf672mfz-coreutils-9.11.drv",
      "description": "GNU Core Utilities",
      "install_id": "coreutils",
      "license": "GPL-3.0-or-later",
      "locked_url": "https://github.com/flox/nixpkgs?rev=ffb3c9b700e759be2ef13237c9d8f953b32a1e46",
      "name": "coreutils-9.11",
      "pname": "coreutils",
      "rev": "ffb3c9b700e759be2ef13237c9d8f953b32a1e46",
      "rev_count": 1058091,
      "rev_date": "2026-08-19T10:27:33Z",
      "scrape_date": "2026-08-21T05:24:57.279249Z",
      "stabilities": [
        "unstable"
      ],
      "unfree": false,
      "version": "9.11",
      "outputs_to_install": [
        "out",
        "out",
        "out"
      ],
      "outputs": {
        "debug": "/nix/store/9s0n8g4m0yy3fkglglir6vfm3g7lncvl-coreutils-9.11-debug",
        "info": "/nix/store/kk4nsbj48pn6d33rvmxiw6w7r17bqdkn-coreutils-9.11-info",
        "out": "/nix/store/dqxknsb71lsgzfzcdmn6x7fzssqbdyyx-coreutils-9.11"
      },
      "system": "aarch64-linux",
      "group": "repo-tools",
      "priority": 5
    },
    {
      "attr_path": "coreutils",
      "broken": false,
      "derivation": "/nix/store/fknhv943140n2074n97va7hcavzif90c-coreutils-9.11.drv",
      "description": "GNU Core Utilities",
      "install_id": "coreutils",
      "license": "GPL-3.0-or-later",
      "locked_url": "https://github.com/flox/nixpkgs?rev=ffb3c9b700e759be2ef13237c9d8f953b32a1e46",
      "name": "coreutils-9.11",
      "pname": "coreutils",
      "rev": "ffb3c9b700e759be2ef13237c9d8f953b32a1e46",
      "rev_count": 1058091,
      "rev_date": "2026-08-19T10:27:33Z",
      "scrape_date": "2026-08-21T05:57:58.702514Z",
      "stabilities": [
        "unstable"
      ],
      "unfree": false,
      "version": "9.11",
      "outputs_to_install": [
        "out",
        "out",
        "out"
      ],
      "outputs": {
        "debug": "/nix/store/3wlr54z6chbpnlg1i09a95lkfkm234ks-coreutils-9.11-debug",
        "info": "/nix/store/4533yr2rnh0czwl1m4wjl1m912kmn9j8-coreutils-9.11-info",
        "out": "/nix/store/97d5ygrvqj55f4nx1x34wfdcc7qn11c0-coreutils-9.11"
      },
      "system": "x86_64-linux",
      "group": "repo-tools",
      "priority": 5
    },
    {
      "attr_path": "gawk",
      "broken": false,
      "derivation": "/nix/store/rb95lcncqd0cwsnb0b1rqinydg51cm1x-gawk-5.4.1.drv",
      "description": "GNU implementation of the Awk programming language",
      "install_id": "gawk",
      "license": "GPL-3.0-or-later",
      "locked_url": "https://github.com/flox/nixpkgs?rev=ffb3c9b700e759be2ef13237c9d8f953b32a1e46",
      "name": "gawk-5.4.1",
      "pname": "gawk",
      "rev": "ffb3c9b700e759be2ef13237c9d8f953b32a1e46",
      "rev_count": 1058091,
      "rev_date": "2026-08-19T10:27:33Z",
      "scrape_date": "2026-08-21T04:55:37.302656Z",
      "stabilities": [
        "unstable"
      ],
      "unfree": false,
      "version": "5.4.1",
      "outputs_to_install": [
        "man",
        "out"
      ],
      "outputs": {
        "info": "/nix/store/vc7ip8wkf9828ry6yrlbi2vyy83wgc7s-gawk-5.4.1-info",
        "man": "/nix/store/znpvcif3yh0a104gzz88lxxmgj382l50-gawk-5.4.1-man",
        "out": "/nix/store/isv5w66jihg05qg30ff8480jbz3d3zlb-gawk-5.4.1"
      },
      "system": "aarch64-darwin",
      "group": "repo-tools",
      "priority": 5
    },
    {
      "attr_path": "gawk",
      "broken": false,
      "derivation": "/nix/store/5fxd4y0xpfx47wh18ykkyn3j4pj3y07p-gawk-5.4.1.drv",
      "description": "GNU implementation of the Awk programming language",
      "install_id": "gawk",
      "license": "GPL-3.0-or-later",
      "locked_url": "https://github.com/flox/nixpkgs?rev=ffb3c9b700e759be2ef13237c9d8f953b32a1e46",
      "name": "gawk-5.4.1",
      "pname": "gawk",
      "rev": "ffb3c9b700e759be2ef13237c9d8f953b32a1e46",
      "rev_count": 1058091,
      "rev_date": "2026-08-19T10:27:33Z",
      "scrape_date": "2026-08-21T05:24:58.355419Z",
      "stabilities": [
        "unstable"
      ],
      "unfree": false,
      "version": "5.4.1",
      "outputs_to_install": [
        "man",
        "man",
        "out",
        "out",
        "out"
      ],
      "outputs": {
        "info": "/nix/store/sz4xpfjnpglp97qr7b3wahjhgc4r8wjk-gawk-5.4.1-info",
        "man": "/nix/store/y0l5kchfn3qcbj44kf09200mjgi14k35-gawk-5.4.1-man",
        "out": "/nix/store/qz6qz18kddi2y25gk9h8ffg37lk8vwcf-gawk-5.4.1"
      },
      "system": "aarch64-linux",
      "group": "repo-tools",
      "priority": 5
    },
    {
      "attr_path": "gawk",
      "broken": false,
      "derivation": "/nix/store/g3kaqcy25hwmxwjr2j7szxmxd86bmjwv-gawk-5.4.1.drv",
      "description": "GNU implementation of the Awk programming language",
      "install_id": "gawk",
      "license": "GPL-3.0-or-later",
      "locked_url": "https://github.com/flox/nixpkgs?rev=ffb3c9b700e759be2ef13237c9d8f953b32a1e46",
      "name": "gawk-5.4.1",
      "pname": "gawk",
      "rev": "ffb3c9b700e759be2ef13237c9d8f953b32a1e46",
      "rev_count": 1058091,
      "rev_date": "2026-08-19T10:27:33Z",
      "scrape_date": "2026-08-21T05:58:00.006878Z",
      "stabilities": [
        "unstable"
      ],
      "unfree": false,
      "version": "5.4.1",
      "outputs_to_install": [
        "man",
        "man",
        "out",
        "out",
        "out"
      ],
      "outputs": {
        "info": "/nix/store/grg9yfn9pddn88hkq4lbbphdsdqrld83-gawk-5.4.1-info",
        "man": "/nix/store/nc41zz3zx8yqiql66hgq0235qj3hkdln-gawk-5.4.1-man",
        "out": "/nix/store/ny5hzk3l36pldfsjkh56ia7y55xr23vd-gawk-5.4.1"
      },
      "system": "x86_64-linux",
      "group": "repo-tools",
      "priority": 5
    },
    {
      "attr_path": "git",
      "broken": false,
      "derivation": "/nix/store/69sw1smdsyscf7b48w1kmdkrcg0lj3h7-git-2.55.0.drv",
      "description": "Distributed version control system",
      "install_id": "git",
      "license": "GPL-2.0",
      "locked_url": "https://github.com/flox/nixpkgs?rev=ffb3c9b700e759be2ef13237c9d8f953b32a1e46",
      "name": "git-2.55.0",
      "pname": "git",
      "rev": "ffb3c9b700e759be2ef13237c9d8f953b32a1e46",
      "rev_count": 1058091,
      "rev_date": "2026-08-19T10:27:33Z",
      "scrape_date": "2026-08-21T04:55:37.424177Z",
      "stabilities": [
        "unstable"
      ],
      "unfree": false,
      "version": "2.55.0",
      "outputs_to_install": [
        "out"
      ],
      "outputs": {
        "doc": "/nix/store/181ykp1mvmh07rq1sqfss8n7s1sc3mlm-git-2.55.0-doc",
        "out": "/nix/store/hiw6ii978dc8s153v60fzy6myzqxymm7-git-2.55.0"
      },
      "system": "aarch64-darwin",
      "group": "repo-tools",
      "priority": 5
    },
    {
      "attr_path": "git",
      "broken": false,
      "derivation": "/nix/store/zpi5nbz0z94m9cf80x1y7zks1dgbjh4l-git-2.55.0.drv",
      "description": "Distributed version control system",
      "install_id": "git",
      "license": "GPL-2.0",
      "locked_url": "https://github.com/flox/nixpkgs?rev=ffb3c9b700e759be2ef13237c9d8f953b32a1e46",
      "name": "git-2.55.0",
      "pname": "git",
      "rev": "ffb3c9b700e759be2ef13237c9d8f953b32a1e46",
      "rev_count": 1058091,
      "rev_date": "2026-08-19T10:27:33Z",
      "scrape_date": "2026-08-21T05:24:58.514780Z",
      "stabilities": [
        "unstable"
      ],
      "unfree": false,
      "version": "2.55.0",
      "outputs_to_install": [
        "out"
      ],
      "outputs": {
        "debug": "/nix/store/5rjalzcb929d9qrxp8v6xxz99vfhmxhn-git-2.55.0-debug",
        "doc": "/nix/store/jbfpbknl5qh0cm5zg48gxgb6fzhwvq04-git-2.55.0-doc",
        "out": "/nix/store/q3pvpkn0qmin7x572p3z32hxz9yny73i-git-2.55.0"
      },
      "system": "aarch64-linux",
      "group": "repo-tools",
      "priority": 5
    },
    {
      "attr_path": "git",
      "broken": false,
      "derivation": "/nix/store/y1bhwp1rl04s5qw50qdbmx83x8yy9nmf-git-2.55.0.drv",
      "description": "Distributed version control system",
      "install_id": "git",
      "license": "GPL-2.0",
      "locked_url": "https://github.com/flox/nixpkgs?rev=ffb3c9b700e759be2ef13237c9d8f953b32a1e46",
      "name": "git-2.55.0",
      "pname": "git",
      "rev": "ffb3c9b700e759be2ef13237c9d8f953b32a1e46",
      "rev_count": 1058091,
      "rev_date": "2026-08-19T10:27:33Z",
      "scrape_date": "2026-08-21T05:58:00.205168Z",
      "stabilities": [
        "unstable"
      ],
      "unfree": false,
      "version": "2.55.0",
      "outputs_to_install": [
        "out"
      ],
      "outputs": {
        "debug": "/nix/store/3zxdc75ib758dwba0afaj63d33w6z42w-git-2.55.0-debug",
        "doc": "/nix/store/h1dp7wlh1saz2d77ajpdpbms1fn56ih8-git-2.55.0-doc",
        "out": "/nix/store/8wxs6573l730vxkqd6wp58kvxa19csll-git-2.55.0"
      },
      "system": "x86_64-linux",
      "group": "repo-tools",
      "priority": 5
    },
    {
      "attr_path": "gnugrep",
      "broken": false,
      "derivation": "/nix/store/cz4wj89p742b9y7rkkab8r42f3333bxm-gnugrep-3.12.drv",
      "description": "GNU implementation of the Unix grep command",
      "install_id": "gnugrep",
      "license": "GPL-3.0-or-later",
      "locked_url": "https://github.com/flox/nixpkgs?rev=ffb3c9b700e759be2ef13237c9d8f953b32a1e46",
      "name": "gnugrep-3.12",
      "pname": "gnugrep",
      "rev": "ffb3c9b700e759be2ef13237c9d8f953b32a1e46",
      "rev_count": 1058091,
      "rev_date": "2026-08-19T10:27:33Z",
      "scrape_date": "2026-08-21T04:55:37.567736Z",
      "stabilities": [
        "unstable"
      ],
      "unfree": false,
      "version": "3.12",
      "outputs_to_install": [
        "out",
        "out"
      ],
      "outputs": {
        "info": "/nix/store/hpjvh1nb03lp17aagaczg6frp7vgp55n-gnugrep-3.12-info",
        "out": "/nix/store/xxh531z8m7qwy06jw7iqcvscxwcba7s5-gnugrep-3.12"
      },
      "system": "aarch64-darwin",
      "group": "repo-tools",
      "priority": 5
    },
    {
      "attr_path": "gnugrep",
      "broken": false,
      "derivation": "/nix/store/2x5g1wwj14ch6wa7782lxbgzym2pymkd-gnugrep-3.12.drv",
      "description": "GNU implementation of the Unix grep command",
      "install_id": "gnugrep",
      "license": "GPL-3.0-or-later",
      "locked_url": "https://github.com/flox/nixpkgs?rev=ffb3c9b700e759be2ef13237c9d8f953b32a1e46",
      "name": "gnugrep-3.12",
      "pname": "gnugrep",
      "rev": "ffb3c9b700e759be2ef13237c9d8f953b32a1e46",
      "rev_count": 1058091,
      "rev_date": "2026-08-19T10:27:33Z",
      "scrape_date": "2026-08-21T05:24:59.315982Z",
      "stabilities": [
        "unstable"
      ],
      "unfree": false,
      "version": "3.12",
      "outputs_to_install": [
        "out",
        "out",
        "out"
      ],
      "outputs": {
        "info": "/nix/store/n6s0sbi2nfvjz16bh9l9f3l6r1fh36xl-gnugrep-3.12-info",
        "out": "/nix/store/07gribxm3sky3lw2g64n59l974q7q1bf-gnugrep-3.12"
      },
      "system": "aarch64-linux",
      "group": "repo-tools",
      "priority": 5
    },
    {
      "attr_path": "gnugrep",
      "broken": false,
      "derivation": "/nix/store/fs021qp5db8y48as89m5p0h47z3q88y5-gnugrep-3.12.drv",
      "description": "GNU implementation of the Unix grep command",
      "install_id": "gnugrep",
      "license": "GPL-3.0-or-later",
      "locked_url": "https://github.com/flox/nixpkgs?rev=ffb3c9b700e759be2ef13237c9d8f953b32a1e46",
      "name": "gnugrep-3.12",
      "pname": "gnugrep",
      "rev": "ffb3c9b700e759be2ef13237c9d8f953b32a1e46",
      "rev_count": 1058091,
      "rev_date": "2026-08-19T10:27:33Z",
      "scrape_date": "2026-08-21T05:58:01.083864Z",
      "stabilities": [
        "unstable"
      ],
      "unfree": false,
      "version": "3.12",
      "outputs_to_install": [
        "out",
        "out",
        "out"
      ],
      "outputs": {
        "info": "/nix/store/p26xpn472dc8hk64h19ym03wcyzfh158-gnugrep-3.12-info",
        "out": "/nix/store/4dgym2zhac9vy0vrih4gsplh0wpfl13m-gnugrep-3.12"
      },
      "system": "x86_64-linux",
      "group": "repo-tools",
      "priority": 5
    },
    {
      "attr_path": "gnumake",
      "broken": false,
      "derivation": "/nix/store/55qqm9diqp1l8z6v5pxwwfks9bp6ldl1-gnumake-4.4.1.drv",
      "description": "Tool to control the generation of non-source files from sources",
      "install_id": "gnumake",
      "license": "GPL-3.0-or-later",
      "locked_url": "https://github.com/flox/nixpkgs?rev=ffb3c9b700e759be2ef13237c9d8f953b32a1e46",
      "name": "gnumake-4.4.1",
      "pname": "gnumake",
      "rev": "ffb3c9b700e759be2ef13237c9d8f953b32a1e46",
      "rev_count": 1058091,
      "rev_date": "2026-08-19T10:27:33Z",
      "scrape_date": "2026-08-21T04:55:37.568671Z",
      "stabilities": [
        "unstable"
      ],
      "unfree": false,
      "version": "4.4.1",
      "outputs_to_install": [
        "man",
        "out"
      ],
      "outputs": {
        "doc": "/nix/store/d4qx2dc81bhp654kpk26j48mrmyzfnzm-gnumake-4.4.1-doc",
        "info": "/nix/store/s50dnjd81395y7lvsl4zdxm5q4q4mkb1-gnumake-4.4.1-info",
        "man": "/nix/store/r6wz2258c6piw14z0r5krg3b93n6378p-gnumake-4.4.1-man",
        "out": "/nix/store/531m4zdgqpmqnfqi19y3lj4rnkr98yy0-gnumake-4.4.1"
      },
      "system": "aarch64-darwin",
      "group": "repo-tools",
      "priority": 5
    },
    {
      "attr_path": "gnumake",
      "broken": false,
      "derivation": "/nix/store/hy09r69bh06xr03l7v6i0rvyfd1jd6bg-gnumake-4.4.1.drv",
      "description": "Tool to control the generation of non-source files from sources",
      "install_id": "gnumake",
      "license": "GPL-3.0-or-later",
      "locked_url": "https://github.com/flox/nixpkgs?rev=ffb3c9b700e759be2ef13237c9d8f953b32a1e46",
      "name": "gnumake-4.4.1",
      "pname": "gnumake",
      "rev": "ffb3c9b700e759be2ef13237c9d8f953b32a1e46",
      "rev_count": 1058091,
      "rev_date": "2026-08-19T10:27:33Z",
      "scrape_date": "2026-08-21T05:24:59.318160Z",
      "stabilities": [
        "unstable"
      ],
      "unfree": false,
      "version": "4.4.1",
      "outputs_to_install": [
        "man",
        "out"
      ],
      "outputs": {
        "debug": "/nix/store/jj9z626h6gs0yz415yfka1gjyhancq0z-gnumake-4.4.1-debug",
        "doc": "/nix/store/c7kfpr73r9acz3apnb2lacbs28i7cjli-gnumake-4.4.1-doc",
        "info": "/nix/store/f0ybqwyla1ngadcl8mvpgjyaaxk5baky-gnumake-4.4.1-info",
        "man": "/nix/store/28x5qj84g0ybg3hq21shg7grc51c1a7b-gnumake-4.4.1-man",
        "out": "/nix/store/1dzsx5xcm25931cbdzs8cbjlzpc85mbp-gnumake-4.4.1"
      },
      "system": "aarch64-linux",
      "group": "repo-tools",
      "priority": 5
    },
    {
      "attr_path": "gnumake",
      "broken": false,
      "derivation": "/nix/store/y18vi318mplkspy6wiawvqmznr8iddsy-gnumake-4.4.1.drv",
      "description": "Tool to control the generation of non-source files from sources",
      "install_id": "gnumake",
      "license": "GPL-3.0-or-later",
      "locked_url": "https://github.com/flox/nixpkgs?rev=ffb3c9b700e759be2ef13237c9d8f953b32a1e46",
      "name": "gnumake-4.4.1",
      "pname": "gnumake",
      "rev": "ffb3c9b700e759be2ef13237c9d8f953b32a1e46",
      "rev_count": 1058091,
      "rev_date": "2026-08-19T10:27:33Z",
      "scrape_date": "2026-08-21T05:58:01.086140Z",
      "stabilities": [
        "unstable"
      ],
      "unfree": false,
      "version": "4.4.1",
      "outputs_to_install": [
        "man",
        "out"
      ],
      "outputs": {
        "debug": "/nix/store/qjh1wf4n55a7sqfn6bx1faf4h8347s43-gnumake-4.4.1-debug",
        "doc": "/nix/store/g33wdgbyibi3ahd3gfx4js43xp2mq8z3-gnumake-4.4.1-doc",
        "info": "/nix/store/an4gd4m49w4mcby5i003xkxc4fqvbnsw-gnumake-4.4.1-info",
        "man": "/nix/store/j3mkxawmvh2c8swqy0x5bvzh8jpjvbs7-gnumake-4.4.1-man",
        "out": "/nix/store/zg22421nym5dxikl92978lqj6xf4jkax-gnumake-4.4.1"
      },
      "system": "x86_64-linux",
      "group": "repo-tools",
      "priority": 5
    },
    {
      "attr_path": "gnused",
      "broken": false,
      "derivation": "/nix/store/gzld5yif1fsvhcgwn9x7k9ixvvqa915k-gnused-4.10.drv",
      "description": "GNU sed, a batch stream editor",
      "install_id": "gnused",
      "license": "GPL-3.0-or-later",
      "locked_url": "https://github.com/flox/nixpkgs?rev=ffb3c9b700e759be2ef13237c9d8f953b32a1e46",
      "name": "gnused-4.10",
      "pname": "gnused",
      "rev": "ffb3c9b700e759be2ef13237c9d8f953b32a1e46",
      "rev_count": 1058091,
      "rev_date": "2026-08-19T10:27:33Z",
      "scrape_date": "2026-08-21T04:55:37.575281Z",
      "stabilities": [
        "unstable"
      ],
      "unfree": false,
      "version": "4.10",
      "outputs_to_install": [
        "out"
      ],
      "outputs": {
        "info": "/nix/store/aafrzj3q82dpybjb03bpy00s4fcxnn7m-gnused-4.10-info",
        "out": "/nix/store/s58zylg8c2lj2vckyxic42f86fvcwmzv-gnused-4.10"
      },
      "system": "aarch64-darwin",
      "group": "repo-tools",
      "priority": 5
    },
    {
      "attr_path": "gnused",
      "broken": false,
      "derivation": "/nix/store/s4ijilaq90sqdldphllbi1xvc8kima72-gnused-4.10.drv",
      "description": "GNU sed, a batch stream editor",
      "install_id": "gnused",
      "license": "GPL-3.0-or-later",
      "locked_url": "https://github.com/flox/nixpkgs?rev=ffb3c9b700e759be2ef13237c9d8f953b32a1e46",
      "name": "gnused-4.10",
      "pname": "gnused",
      "rev": "ffb3c9b700e759be2ef13237c9d8f953b32a1e46",
      "rev_count": 1058091,
      "rev_date": "2026-08-19T10:27:33Z",
      "scrape_date": "2026-08-21T05:24:59.328815Z",
      "stabilities": [
        "unstable"
      ],
      "unfree": false,
      "version": "4.10",
      "outputs_to_install": [
        "out",
        "out",
        "out"
      ],
      "outputs": {
        "info": "/nix/store/x6v3k07kwmm5ipywlrvcmflhs6qp7h39-gnused-4.10-info",
        "out": "/nix/store/p6k41cfwvr8plgvcnnlb55wb0cy49qyx-gnused-4.10"
      },
      "system": "aarch64-linux",
      "group": "repo-tools",
      "priority": 5
    },
    {
      "attr_path": "gnused",
      "broken": false,
      "derivation": "/nix/store/v8cpah4l0qaxz74l5cwvj446x877cm9g-gnused-4.10.drv",
      "description": "GNU sed, a batch stream editor",
      "install_id": "gnused",
      "license": "GPL-3.0-or-later",
      "locked_url": "https://github.com/flox/nixpkgs?rev=ffb3c9b700e759be2ef13237c9d8f953b32a1e46",
      "name": "gnused-4.10",
      "pname": "gnused",
      "rev": "ffb3c9b700e759be2ef13237c9d8f953b32a1e46",
      "rev_count": 1058091,
      "rev_date": "2026-08-19T10:27:33Z",
      "scrape_date": "2026-08-21T05:58:01.097407Z",
      "stabilities": [
        "unstable"
      ],
      "unfree": false,
      "version": "4.10",
      "outputs_to_install": [
        "out",
        "out",
        "out"
      ],
      "outputs": {
        "info": "/nix/store/qay8j91gcj8a7kvavq99r3fx4wymnhp9-gnused-4.10-info",
        "out": "/nix/store/rxd8p6g4k4s0sx4q1szmzvp9rsmhmfys-gnused-4.10"
      },
      "system": "x86_64-linux",
      "group": "repo-tools",
      "priority": 5
    },
    {
      "attr_path": "go",
      "broken": false,
      "derivation": "/nix/store/bvd94hgv76ckwlzgjga880ripp4217xh-go-1.26.4.drv",
      "description": "Go Programming language",
      "install_id": "go",
      "license": "BSD-3-Clause",
      "locked_url": "https://github.com/flox/nixpkgs?rev=241313f4e8e508cb9b13278c2b0fa25b9ca27163",
      "name": "go-1.26.4",
      "pname": "go",
      "rev": "241313f4e8e508cb9b13278c2b0fa25b9ca27163",
      "rev_count": 1037713,
      "rev_date": "2026-07-19T21:52:44Z",
      "scrape_date": "2026-07-21T04:53:57.221939Z",
      "stabilities": [
        "unstable",
        "stable",
        "staging"
      ],
      "unfree": false,
      "version": "1.26.4",
      "outputs_to_install": [
        "out"
      ],
      "outputs": {
        "out": "/nix/store/38idfbqyw3p8xaslv6bnrig62pj7qy6i-go-1.26.4"
      },
      "system": "aarch64-darwin",
      "group": "toplevel",
      "priority": 5
    },
    {
      "attr_path": "go",
      "broken": false,
      "derivation": "/nix/store/36w4fxyz4yk48wjjks13aa9jbsxm7d2x-go-1.26.4.drv",
      "description": "Go Programming language",
      "install_id": "go",
      "license": "BSD-3-Clause",
      "locked_url": "https://github.com/flox/nixpkgs?rev=241313f4e8e508cb9b13278c2b0fa25b9ca27163",
      "name": "go-1.26.4",
      "pname": "go",
      "rev": "241313f4e8e508cb9b13278c2b0fa25b9ca27163",
      "rev_count": 1037713,
      "rev_date": "2026-07-19T21:52:44Z",
      "scrape_date": "2026-07-21T05:24:22.644936Z",
      "stabilities": [
        "unstable",
        "stable",
        "staging"
      ],
      "unfree": false,
      "version": "1.26.4",
      "outputs_to_install": [
        "out"
      ],
      "outputs": {
        "out": "/nix/store/z8b7c0h6g8dnv6vlxh7fha1d66krvgn9-go-1.26.4"
      },
      "system": "aarch64-linux",
      "group": "toplevel",
      "priority": 5
    },
    {
      "attr_path": "go",
      "broken": false,
      "derivation": "/nix/store/zg5cs1qx07lfgflyz3j6wj60grr1y6mk-go-1.26.4.drv",
      "description": "Go Programming language",
      "install_id": "go",
      "license": "BSD-3-Clause",
      "locked_url": "https://github.com/flox/nixpkgs?rev=241313f4e8e508cb9b13278c2b0fa25b9ca27163",
      "name": "go-1.26.4",
      "pname": "go",
      "rev": "241313f4e8e508cb9b13278c2b0fa25b9ca27163",
      "rev_count": 1037713,
      "rev_date": "2026-07-19T21:52:44Z",
      "scrape_date": "2026-07-21T05:58:41.359977Z",
      "stabilities": [
        "unstable",
        "stable",
        "staging"
      ],
      "unfree": false,
      "version": "1.26.4",
      "outputs_to_install": [
        "out"
      ],
      "outputs": {
        "out": "/nix/store/1xklj6dmgcpgz60c9w2ynaq7ynzfsrrq-go-1.26.4"
      },
      "system": "x86_64-linux",
      "group": "toplevel",
      "priority": 5
    }
  ]
}
